
Microsoft Visual Studio Solution File, Format Version 12.00
Project("{FAE04EC0-301F-11D3-BF4B-00C04F79EFBC}") = "Api", "Api\Api.csproj", "{0F68A85D-C98F-45FD-845B-F5C1CC201FE1}"
EndProject
Global
	GlobalSection(SolutionConfigurationPlatforms) = preSolution
		Debug|Any CPU = Debug|Any CPU
		Release|Any CPU = Release|Any CPU
	EndGlobalSection
	GlobalSection(ProjectConfigurationPlatforms) = postSolution
		{0F68A85D-C98F-45FD-845B-F5C1CC201FE1}.Debug|Any CPU.ActiveCfg = Debug|Any CPU
		{0F68A85D-C98F-45FD-845B-F5C1CC201FE1}.Debug|Any CPU.Build.0 = Debug|Any CPU
		{0F68A85D-C98F-45FD-845B-F5C1CC201FE1}.Release|Any CPU.ActiveCfg = Release|Any CPU
		{0F68A85D-C98F-45FD-845B-F5C1CC201FE1}.Release|Any CPU.Build.0 = Release|Any CPU
	EndGlobalSection
EndGlobal
